
Microsoft Visual Studio Solution File, Format Version 12.00
# Visual Studio 15
VisualStudioVersion = 15.0.28010.2036
MinimumVisualStudioVersion = 10.0.40219.1
Project("{FAE04EC0-301F-11D3-BF4B-00C04F79EFBC}") = "ChangeSearchBarTextColorDemo.Android", "ChangeSearchBarTextColorDemo\ChangeSearchBarTextColorDemo.Android\ChangeSearchBarTextColorDemo.Android.csproj", "{25CCC490-C7E5-47F5-AD17-F007C92203A0}"
EndProject
Project("{FAE04EC0-301F-11D3-BF4B-00C04F79EFBC}") = "ChangeSearchBarTextColorDemo.iOS", "ChangeSearchBarTextColorDemo\ChangeSearchBarTextColorDemo.iOS\ChangeSearchBarTextColorDemo.iOS.csproj", "{1F19D947-EB92-40F6-8B6B-F881FF8A7787}"
EndProject
Project("{FAE04EC0-301F-11D3-BF4B-00C04F79EFBC}") = "ChangeSearchBarTextColorDemo", "ChangeSearchBarTextColorDemo\ChangeSearchBarTextColorDemo\ChangeSearchBarTextColorDemo.csproj", "{AC80A92E-30A5-499F-8F03-1B61EBCAF6BA}"
EndProject
Global
	GlobalSection(SolutionConfigurationPlatforms) = preSolution
		Ad-Hoc|Any CPU = Ad-Hoc|Any CPU
		Ad-Hoc|iPhone = Ad-Hoc|iPhone
		Ad-Hoc|iPhoneSimulator = Ad-Hoc|iPhoneSimulator
		AppStore|Any CPU = AppStore|Any CPU
		AppStore|iPhone = AppStore|iPhone
		AppStore|iPhoneSimulator = AppStore|iPhoneSimulator
		Debug|Any CPU = Debug|Any CPU
		Debug|iPhone = Debug|iPhone
		Debug|iPhoneSimulator = Debug|iPhoneSimulator
		Release|Any CPU = Release|Any CPU
		Release|iPhone = Release|iPhone
		Release|iPhoneSimulator = Release|iPhoneSimulator
	EndGlobalSection
	GlobalSection(ProjectConfigurationPlatforms) = postSolution
		{25CCC490-C7E5-47F5-AD17-F007C92203A0}.Ad-Hoc|Any CPU.ActiveCfg = Release|Any CPU
		{25CCC490-C7E5-47F5-AD17-F007C92203A0}.Ad-Hoc|Any CPU.Build.0 = Release|Any CPU
		{25CCC490-C7E5-47F5-AD17-F007C92203A0}.Ad-Hoc|Any CPU.Deploy.0 = Release|Any CPU
		{25CCC490-C7E5-47F5-AD17-F007C92203A0}.Ad-Hoc|iPhone.ActiveCfg = Release|Any CPU
		{25CCC490-C7E5-47F5-AD17-F007C92203A0}.Ad-Hoc|iPhone.Build.0 = Release|Any CPU
		{25CCC490-C7E5-47F5-AD17-F007C92203A0}.Ad-Hoc|iPhone.Deploy.0 = Release|Any CPU
		{25CCC490-C7E5-47F5-AD17-F007C92203A0}.Ad-Hoc|iPhoneSimulator.ActiveCfg = Release|Any CPU
		{25CCC490-C7E5-47F5-AD17-F007C92203A0}.Ad-Hoc|iPhoneSimulator.Build.0 = Release|Any CPU
		{25CCC490-C7E5-47F5-AD17-F007C92203A0}.Ad-Hoc|iPhoneSimulator.Deploy.0 = Release|Any CPU
		{25CCC490-C7E5-47F5-AD17-F007C92203A0}.AppStore|Any CPU.ActiveCfg = Release|Any CPU
		{25CCC490-C7E5-47F5-AD17-F007C92203A0}.AppStore|Any CPU.Build.0 = Release|Any CPU
		{25CCC490-C7E5-47F5-AD17-F007C92203A0}.AppStore|Any CPU.Deploy.0 = Release|Any CPU
		{25CCC490-C7E5-47F5-AD17-F007C92203A0}.AppStore|iPhone.ActiveCfg = Release|Any CPU
		{25CCC490-C7E5-47F5-AD17-F007C92203A0}.AppStore|iPhone.Build.0 = Release|Any CPU
		{25CCC490-C7E5-47F5-AD17-F007C92203A0}.AppStore|iPhone.Deploy.0 = Release|Any CPU
		{25CCC490-C7E5-47F5-AD17-F007C92203A0}.AppStore|iPhoneSimulator.ActiveCfg = Release|Any CPU
		{25CCC490-C7E5-47F5-AD17-F007C92203A0}.AppStore|iPhoneSimulator.Build.0 = Release|Any CPU
		{25CCC490-C7E5-47F5-AD17-F007C92203A0}.AppStore|iPhoneSimulator.Deploy.0 = Release|Any CPU
		{25CCC490-C7E5-47F5-AD17-F007C92203A0}.Debug|Any CPU.ActiveCfg = Debug|Any CPU
		{25CCC490-C7E5-47F5-AD17-F007C92203A0}.Debug|Any CPU.Build.0 = Debug|Any CPU
		{25CCC490-C7E5-47F5-AD17-F007C92203A0}.Debug|Any CPU.Deploy.0 = Debug|Any CPU
		{25CCC490-C7E5-47F5-AD17-F007C92203A0}.Debug|iPhone.ActiveCfg = Debug|Any CPU
		{25CCC490-C7E5-47F5-AD17-F007C92203A0}.Debug|iPhone.Build.0 = Debug|Any CPU
		{25CCC490-C7E5-47F5-AD17-F007C92203A0}.Debug|iPhone.Deploy.0 = Debug|Any CPU
		{25CCC490-C7E5-47F5-AD17-F007C92203A0}.Debug|iPhoneSimulator.ActiveCfg = Debug|Any CPU
		{25CCC490-C7E5-47F5-AD17-F007C92203A0}.Debug|iPhoneSimulator.Build.0 = Debug|Any CPU
		{25CCC490-C7E5-47F5-AD17-F007C92203A0}.Debug|iPhoneSimulator.Deploy.0 = Debug|Any CPU
		{25CCC490-C7E5-47F5-AD17-F007C92203A0}.Release|Any CPU.ActiveCfg = Release|Any CPU
		{25CCC490-C7E5-47F5-AD17-F007C92203A0}.Release|Any CPU.Build.0 = Release|Any CPU
		{25CCC490-C7E5-47F5-AD17-F007C92203A0}.Release|Any CPU.Deploy.0 = Release|Any CPU
		{25CCC490-C7E5-47F5-AD17-F007C92203A0}.Release|iPhone.ActiveCfg = Release|Any CPU
		{25CCC490-C7E5-47F5-AD17-F007C92203A0}.Release|iPhone.Build.0 = Release|Any CPU
		{25CCC490-C7E5-47F5-AD17-F007C92203A0}.Release|iPhone.Deploy.0 = Release|Any CPU
		{25CCC490-C7E5-47F5-AD17-F007C92203A0}.Release|iPhoneSimulator.ActiveCfg = Release|Any CPU
		{25CCC490-C7E5-47F5-AD17-F007C92203A0}.Release|iPhoneSimulator.Build.0 = Release|Any CPU
		{25CCC490-C7E5-47F5-AD17-F007C92203A0}.Release|iPhoneSimulator.Deploy.0 = Release|Any CPU
		{1F19D947-EB92-40F6-8B6B-F881FF8A7787}.Ad-Hoc|Any CPU.ActiveCfg = Ad-Hoc|iPhone
		{1F19D947-EB92-40F6-8B6B-F881FF8A7787}.Ad-Hoc|Any CPU.Build.0 = Ad-Hoc|iPhone
		{1F19D947-EB92-40F6-8B6B-F881FF8A7787}.Ad-Hoc|Any CPU.Deploy.0 = Ad-Hoc|iPhone
		{1F19D947-EB92-40F6-8B6B-F881FF8A7787}.Ad-Hoc|iPhone.ActiveCfg = Ad-Hoc|iPhone
		{1F19D947-EB92-40F6-8B6B-F881FF8A7787}.Ad-Hoc|iPhone.Build.0 = Ad-Hoc|iPhone
		{1F19D947-EB92-40F6-8B6B-F881FF8A7787}.Ad-Hoc|iPhone.Deploy.0 = Ad-Hoc|iPhone
		{1F19D947-EB92-40F6-8B6B-F881FF8A7787}.Ad-Hoc|iPhoneSimulator.ActiveCfg = Ad-Hoc|iPhoneSimulator
		{1F19D947-EB92-40F6-8B6B-F881FF8A7787}.Ad-Hoc|iPhoneSimulator.Build.0 = Ad-Hoc|iPhoneSimulator
		{1F19D947-EB92-40F6-8B6B-F881FF8A7787}.Ad-Hoc|iPhoneSimulator.Deploy.0 = Ad-Hoc|iPhoneSimulator
		{1F19D947-EB92-40F6-8B6B-F881FF8A7787}.AppStore|Any CPU.ActiveCfg = AppStore|iPhone
		{1F19D947-EB92-40F6-8B6B-F881FF8A7787}.AppStore|Any CPU.Build.0 = AppStore|iPhone
		{1F19D947-EB92-40F6-8B6B-F881FF8A7787}.AppStore|Any CPU.Deploy.0 = AppStore|iPhone
		{1F19D947-EB92-40F6-8B6B-F881FF8A7787}.AppStore|iPhone.ActiveCfg = AppStore|iPhone
		{1F19D947-EB92-40F6-8B6B-F881FF8A7787}.AppStore|iPhone.Build.0 = AppStore|iPhone
		{1F19D947-EB92-40F6-8B6B-F881FF8A7787}.AppStore|iPhone.Deploy.0 = AppStore|iPhone
		{1F19D947-EB92-40F6-8B6B-F881FF8A7787}.AppStore|iPhoneSimulator.ActiveCfg = AppStore|iPhoneSimulator
		{1F19D947-EB92-40F6-8B6B-F881FF8A7787}.AppStore|iPhoneSimulator.Build.0 = AppStore|iPhoneSimulator
		{1F19D947-EB92-40F6-8B6B-F881FF8A7787}.AppStore|iPhoneSimulator.Deploy.0 = AppStore|iPhoneSimulator
		{1F19D947-EB92-40F6-8B6B-F881FF8A7787}.Debug|Any CPU.ActiveCfg = Debug|iPhoneSimulator
		{1F19D947-EB92-40F6-8B6B-F881FF8A7787}.Debug|Any CPU.Build.0 = Debug|iPhoneSimulator
		{1F19D947-EB92-40F6-8B6B-F881FF8A7787}.Debug|Any CPU.Deploy.0 = Debug|iPhoneSimulator
		{1F19D947-EB92-40F6-8B6B-F881FF8A7787}.Debug|iPhone.ActiveCfg = Debug|iPhone
		{1F19D947-EB92-40F6-8B6B-F881FF8A7787}.Debug|iPhone.Build.0 = Debug|iPhone
		{1F19D947-EB92-40F6-8B6B-F881FF8A7787}.Debug|iPhone.Deploy.0 = Debug|iPhone
		{1F19D947-EB92-40F6-8B6B-F881FF8A7787}.Debug|iPhoneSimulator.ActiveCfg = Debug|iPhoneSimulator
		{1F19D947-EB92-40F6-8B6B-F881FF8A7787}.Debug|iPhoneSimulator.Build.0 = Debug|iPhoneSimulator
		{1F19D947-EB92-40F6-8B6B-F881FF8A7787}.Debug|iPhoneSimulator.Deploy.0 = Debug|iPhoneSimulator
		{1F19D947-EB92-40F6-8B6B-F881FF8A7787}.Release|Any CPU.ActiveCfg = Release|iPhone
		{1F19D947-EB92-40F6-8B6B-F881FF8A7787}.Release|Any CPU.Build.0 = Release|iPhone
		{1F19D947-EB92-40F6-8B6B-F881FF8A7787}.Release|Any CPU.Deploy.0 = Release|iPhone
		{1F19D947-EB92-40F6-8B6B-F881FF8A7787}.Release|iPhone.ActiveCfg = Release|iPhone
		{1F19D947-EB92-40F6-8B6B-F881FF8A7787}.Release|iPhone.Build.0 = Release|iPhone
		{1F19D947-EB92-40F6-8B6B-F881FF8A7787}.Release|iPhone.Deploy.0 = Release|iPhone
		{1F19D947-EB92-40F6-8B6B-F881FF8A7787}.Release|iPhoneSimulator.ActiveCfg = Release|iPhoneSimulator
		{1F19D947-EB92-40F6-8B6B-F881FF8A7787}.Release|iPhoneSimulator.Build.0 = Release|iPhoneSimulator
		{1F19D947-EB92-40F6-8B6B-F881FF8A7787}.Release|iPhoneSimulator.Deploy.0 = Release|iPhoneSimulator
		{AC80A92E-30A5-499F-8F03-1B61EBCAF6BA}.Ad-Hoc|Any CPU.ActiveCfg = Debug|Any CPU
		{AC80A92E-30A5-499F-8F03-1B61EBCAF6BA}.Ad-Hoc|Any CPU.Build.0 = Debug|Any CPU
		{AC80A92E-30A5-499F-8F03-1B61EBCAF6BA}.Ad-Hoc|Any CPU.Deploy.0 = Debug|Any CPU
		{AC80A92E-30A5-499F-8F03-1B61EBCAF6BA}.Ad-Hoc|iPhone.ActiveCfg = Debug|Any CPU
		{AC80A92E-30A5-499F-8F03-1B61EBCAF6BA}.Ad-Hoc|iPhone.Build.0 = Debug|Any CPU
		{AC80A92E-30A5-499F-8F03-1B61EBCAF6BA}.Ad-Hoc|iPhone.Deploy.0 = Debug|Any CPU
		{AC80A92E-30A5-499F-8F03-1B61EBCAF6BA}.Ad-Hoc|iPhoneSimulator.ActiveCfg = Debug|Any CPU
		{AC80A92E-30A5-499F-8F03-1B61EBCAF6BA}.Ad-Hoc|iPhoneSimulator.Build.0 = Debug|Any CPU
		{AC80A92E-30A5-499F-8F03-1B61EBCAF6BA}.Ad-Hoc|iPhoneSimulator.Deploy.0 = Debug|Any CPU
		{AC80A92E-30A5-499F-8F03-1B61EBCAF6BA}.AppStore|Any CPU.ActiveCfg = Debug|Any CPU
		{AC80A92E-30A5-499F-8F03-1B61EBCAF6BA}.AppStore|Any CPU.Build.0 = Debug|Any CPU
		{AC80A92E-30A5-499F-8F03-1B61EBCAF6BA}.AppStore|Any CPU.Deploy.0 = Debug|Any CPU
		{AC80A92E-30A5-499F-8F03-1B61EBCAF6BA}.AppStore|iPhone.ActiveCfg = Debug|Any CPU
		{AC80A92E-30A5-499F-8F03-1B61EBCAF6BA}.AppStore|iPhone.Build.0 = Debug|Any CPU
		{AC80A92E-30A5-499F-8F03-1B61EBCAF6BA}.AppStore|iPhone.Deploy.0 = Debug|Any CPU
		{AC80A92E-30A5-499F-8F03-1B61EBCAF6BA}.AppStore|iPhoneSimulator.ActiveCfg = Debug|Any CPU
		{AC80A92E-30A5-499F-8F03-1B61EBCAF6BA}.AppStore|iPhoneSimulator.Build.0 = Debug|Any CPU
		{AC80A92E-30A5-499F-8F03-1B61EBCAF6BA}.AppStore|iPhoneSimulator.Deploy.0 = Debug|Any CPU
		{AC80A92E-30A5-499F-8F03-1B61EBCAF6BA}.Debug|Any CPU.ActiveCfg = Debug|Any CPU
		{AC80A92E-30A5-499F-8F03-1B61EBCAF6BA}.Debug|Any CPU.Build.0 = Debug|Any CPU
		{AC80A92E-30A5-499F-8F03-1B61EBCAF6BA}.Debug|Any CPU.Deploy.0 = Debug|Any CPU
		{AC80A92E-30A5-499F-8F03-1B61EBCAF6BA}.Debug|iPhone.ActiveCfg = Debug|Any CPU
		{AC80A92E-30A5-499F-8F03-1B61EBCAF6BA}.Debug|iPhone.Build.0 = Debug|Any CPU
		{AC80A92E-30A5-499F-8F03-1B61EBCAF6BA}.Debug|iPhone.Deploy.0 = Debug|Any CPU
		{AC80A92E-30A5-499F-8F03-1B61EBCAF6BA}.Debug|iPhoneSimulator.ActiveCfg = Debug|Any CPU
		{AC80A92E-30A5-499F-8F03-1B61EBCAF6BA}.Debug|iPhoneSimulator.Build.0 = Debug|Any CPU
		{AC80A92E-30A5-499F-8F03-1B61EBCAF6BA}.Debug|iPhoneSimulator.Deploy.0 = Debug|Any CPU
		{AC80A92E-30A5-499F-8F03-1B61EBCAF6BA}.Release|Any CPU.ActiveCfg = Release|Any CPU
		{AC80A92E-30A5-499F-8F03-1B61EBCAF6BA}.Release|Any CPU.Build.0 = Release|Any CPU
		{AC80A92E-30A5-499F-8F03-1B61EBCAF6BA}.Release|Any CPU.Deploy.0 = Release|Any CPU
		{AC80A92E-30A5-499F-8F03-1B61EBCAF6BA}.Release|iPhone.ActiveCfg = Release|Any CPU
		{AC80A92E-30A5-499F-8F03-1B61EBCAF6BA}.Release|iPhone.Build.0 = Release|Any CPU
		{AC80A92E-30A5-499F-8F03-1B61EBCAF6BA}.Release|iPhone.Deploy.0 = Release|Any CPU
		{AC80A92E-30A5-499F-8F03-1B61EBCAF6BA}.Release|iPhoneSimulator.ActiveCfg = Release|Any CPU
		{AC80A92E-30A5-499F-8F03-1B61EBCAF6BA}.Release|iPhoneSimulator.Build.0 = Release|Any CPU
		{AC80A92E-30A5-499F-8F03-1B61EBCAF6BA}.Release|iPhoneSimulator.Deploy.0 = Release|Any CPU
	EndGlobalSection
	GlobalSection(SolutionProperties) = preSolution
		HideSolutionNode = FALSE
	EndGlobalSection
	GlobalSection(ExtensibilityGlobals) = postSolution
		SolutionGuid = {82F2BFBD-FCF8-4C98-BCE3-496B6362D23E}
	EndGlobalSection
EndGlobal
